
Microsoft Visual Studio Solution File, Format Version 12.00
# Visual Studio Version 17
VisualStudioVersion = 17.14.36310.24 d17.14
MinimumVisualStudioVersion = 10.0.40219.1
Project("{FAE04EC0-301F-11D3-BF4B-00C04F79EFBC}") = "arboles", "arboles\arboles.csproj", "{057311DD-80EB-4439-ADA6-4066F6649A8B}"
EndProject
Global
	GlobalSection(SolutionConfigurationPlatforms) = preSolution
		Debug|Any CPU = Debug|Any CPU
		Release|Any CPU = Release|Any CPU
	EndGlobalSection
	GlobalSection(ProjectConfigurationPlatforms) = postSolution
		{057311DD-80EB-4439-ADA6-4066F6649A8B}.Debug|Any CPU.ActiveCfg = Debug|Any CPU
		{057311DD-80EB-4439-ADA6-4066F6649A8B}.Debug|Any CPU.Build.0 = Debug|Any CPU
		{057311DD-80EB-4439-ADA6-4066F6649A8B}.Release|Any CPU.ActiveCfg = Release|Any CPU
		{057311DD-80EB-4439-ADA6-4066F6649A8B}.Release|Any CPU.Build.0 = Release|Any CPU
	EndGlobalSection
	GlobalSection(SolutionProperties) = preSolution
		HideSolutionNode = FALSE
	EndGlobalSection
	GlobalSection(ExtensibilityGlobals) = postSolution
		SolutionGuid = {B58E169E-54A3-45F1-A6CE-19B036AA5EC3}
	EndGlobalSection
EndGlobal
